
Microsoft Visual Studio Solution File, Format Version 12.00
# Visual Studio Version 17
VisualStudioVersion = 17.3.32929.385
MinimumVisualStudioVersion = 10.0.40219.1
Project("{FAE04EC0-301F-11D3-BF4B-00C04F79EFBC}") = "08_Mandalorian", "08_Mandalorian\08_Mandalorian.csproj", "{319B9410-D854-4AD9-9D11-9D7E935E7C0A}"
EndProject
Global
	GlobalSection(SolutionConfigurationPlatforms) = preSolution
		Debug|Any CPU = Debug|Any CPU
		Release|Any CPU = Release|Any CPU
	EndGlobalSection
	GlobalSection(ProjectConfigurationPlatforms) = postSolution
		{319B9410-D854-4AD9-9D11-9D7E935E7C0A}.Debug|Any CPU.ActiveCfg = Debug|Any CPU
		{319B9410-D854-4AD9-9D11-9D7E935E7C0A}.Debug|Any CPU.Build.0 = Debug|Any CPU
		{319B9410-D854-4AD9-9D11-9D7E935E7C0A}.Release|Any CPU.ActiveCfg = Release|Any CPU
		{319B9410-D854-4AD9-9D11-9D7E935E7C0A}.Release|Any CPU.Build.0 = Release|Any CPU
	EndGlobalSection
	GlobalSection(SolutionProperties) = preSolution
		HideSolutionNode = FALSE
	EndGlobalSection
	GlobalSection(ExtensibilityGlobals) = postSolution
		SolutionGuid = {18263CC7-C47E-4FC1-AEEE-B653D1356EDE}
	EndGlobalSection
EndGlobal
